
Microsoft Visual Studio Solution File, Format Version 12.00
# Visual Studio 15
VisualStudioVersion = 15.0.28010.2036
MinimumVisualStudioVersion = 10.0.40219.1
Project("{D2ABAB84-BF74-430A-B69E-9DC6D40DDA17}") = "Teatr_Project_HD", "Teatr_Project_HD\Teatr_Project_HD.dwproj", "{C087B9A1-160E-4FF0-B81F-E6D6B6319293}"
EndProject
Project("{159641D6-6404-4A2A-AE62-294DE0FE8301}") = "Integration Services Project", "Integration Services Project\Integration Services Project.dtproj", "{72A8450D-2E00-44AA-B4DA-931F12A5F752}"
EndProject
Global
	GlobalSection(SolutionConfigurationPlatforms) = preSolution
		Development|Default = Development|Default
	EndGlobalSection
	GlobalSection(ProjectConfigurationPlatforms) = postSolution
		{C087B9A1-160E-4FF0-B81F-E6D6B6319293}.Development|Default.ActiveCfg = Development
		{C087B9A1-160E-4FF0-B81F-E6D6B6319293}.Development|Default.Build.0 = Development
		{C087B9A1-160E-4FF0-B81F-E6D6B6319293}.Development|Default.Deploy.0 = Development
		{72A8450D-2E00-44AA-B4DA-931F12A5F752}.Development|Default.ActiveCfg = Development
		{72A8450D-2E00-44AA-B4DA-931F12A5F752}.Development|Default.Build.0 = Development
	EndGlobalSection
	GlobalSection(SolutionProperties) = preSolution
		HideSolutionNode = FALSE
	EndGlobalSection
	GlobalSection(ExtensibilityGlobals) = postSolution
		SolutionGuid = {484ABEC8-0105-48E1-B27F-759CB00F11D0}
	EndGlobalSection
EndGlobal
